// !$*UTF8*$!
{
	archiveVersion = 1;
	classes = {
	};
	objectVersion = 46;
	objects = {

/* Begin PBXBuildFile section */
		395102491B46CA6300A8A7D5 /* FlickerPhotosFetcher.m in Sources */ = {isa = PBXBuildFile; fileRef = 395102481B46CA6300A8A7D5 /* FlickerPhotosFetcher.m */; };
		3951024C1B46E23800A8A7D5 /* FlickerPhoto.m in Sources */ = {isa = PBXBuildFile; fileRef = 3951024B1B46E23800A8A7D5 /* FlickerPhoto.m */; };
		395102521B47287700A8A7D5 /* FlickerPhotoCell.m in Sources */ = {isa = PBXBuildFile; fileRef = 395102511B47287700A8A7D5 /* FlickerPhotoCell.m */; };
		39E54A5A1B46183300E7CD88 /* main.m in Sources */ = {isa = PBXBuildFile; fileRef = 39E54A591B46183300E7CD88 /* main.m */; };
		39E54A5D1B46183300E7CD88 /* AppDelegate.m in Sources */ = {isa = PBXBuildFile; fileRef = 39E54A5C1B46183300E7CD88 /* AppDelegate.m */; };
		39E54A631B46183300E7CD88 /* Main.storyboard in Resources */ = {isa = PBXBuildFile; fileRef = 39E54A611B46183300E7CD88 /* Main.storyboard */; };
		39E54A651B46183300E7CD88 /* Assets.xcassets in Resources */ = {isa = PBXBuildFile; fileRef = 39E54A641B46183300E7CD88 /* Assets.xcassets */; };
		39E54A681B46183300E7CD88 /* LaunchScreen.storyboard in Resources */ = {isa = PBXBuildFile; fileRef = 39E54A661B46183300E7CD88 /* LaunchScreen.storyboard */; };
		39E54A731B46183300E7CD88 /* FlickerCollectionViewControllerTests.m in Sources */ = {isa = PBXBuildFile; fileRef = 39E54A721B46183300E7CD88 /* FlickerCollectionViewControllerTests.m */; };
		39E54A7E1B46183300E7CD88 /* FlickerCollectionViewControllerUITests.m in Sources */ = {isa = PBXBuildFile; fileRef = 39E54A7D1B46183300E7CD88 /* FlickerCollectionViewControllerUITests.m */; };
		39E54A8D1B461AEC00E7CD88 /* FlickerPhotosViewControllerCollectionViewController.m in Sources */ = {isa = PBXBuildFile; fileRef = 39E54A8C1B461AEC00E7CD88 /* FlickerPhotosViewControllerCollectionViewController.m */; };
		CAE3FE332663F295187F3B80 /* libPods.a in Frameworks */ = {isa = PBXBuildFile; fileRef = FB4711BD6AA084F1EAC44480 /* libPods.a */; };
/* End PBXBuildFile section */

/* Begin PBXContainerItemProxy section */
		39E54A6F1B46183300E7CD88 /* PBXContainerItemProxy */ = {
			isa = PBXContainerItemProxy;
			containerPortal = 39E54A4D1B46183300E7CD88 /* Project object */;
			proxyType = 1;
			remoteGlobalIDString = 39E54A541B46183300E7CD88;
			remoteInfo = FlickerCollectionViewController;
		};
		39E54A7A1B46183300E7CD88 /* PBXContainerItemProxy */ = {
			isa = PBXContainerItemProxy;
			containerPortal = 39E54A4D1B46183300E7CD88 /* Project object */;
			proxyType = 1;
			remoteGlobalIDString = 39E54A541B46183300E7CD88;
			remoteInfo = FlickerCollectionViewController;
		};
/* End PBXContainerItemProxy section */

/* Begin PBXFileReference section */
		395102471B46CA6300A8A7D5 /* FlickerPhotosFetcher.h */ = {isa = PBXFileReference; fileEncoding = 4; lastKnownFileType = sourcecode.c.h; path = FlickerPhotosFetcher.h; sourceTree = "<group>"; };
		395102481B46CA6300A8A7D5 /* FlickerPhotosFetcher.m */ = {isa = PBXFileReference; fileEncoding = 4; lastKnownFileType = sourcecode.c.objc; path = FlickerPhotosFetcher.m; sourceTree = "<group>"; };
		3951024A1B46E23800A8A7D5 /* FlickerPhoto.h */ = {isa = PBXFileReference; fileEncoding = 4; lastKnownFileType = sourcecode.c.h; path = FlickerPhoto.h; sourceTree = "<group>"; };
		3951024B1B46E23800A8A7D5 /* FlickerPhoto.m */ = {isa = PBXFileReference; fileEncoding = 4; lastKnownFileType = sourcecode.c.objc; path = FlickerPhoto.m; sourceTree = "<group>"; };
		395102501B47287700A8A7D5 /* FlickerPhotoCell.h */ = {isa = PBXFileReference; fileEncoding = 4; lastKnownFileType = sourcecode.c.h; path = FlickerPhotoCell.h; sourceTree = "<group>"; };
		395102511B47287700A8A7D5 /* FlickerPhotoCell.m */ = {isa = PBXFileReference; fileEncoding = 4; lastKnownFileType = sourcecode.c.objc; path = FlickerPhotoCell.m; sourceTree = "<group>"; };
		39E54A551B46183300E7CD88 /* FlickerCollectionViewController.app */ = {isa = PBXFileReference; explicitFileType = wrapper.application; includeInIndex = 0; path = FlickerCollectionViewController.app; sourceTree = BUILT_PRODUCTS_DIR; };
		39E54A591B46183300E7CD88 /* main.m */ = {isa = PBXFileReference; lastKnownFileType = sourcecode.c.objc; path = main.m; sourceTree = "<group>"; };
		39E54A5B1B46183300E7CD88 /* AppDelegate.h */ = {isa = PBXFileReference; lastKnownFileType = sourcecode.c.h; path = AppDelegate.h; sourceTree = "<group>"; };
		39E54A5C1B46183300E7CD88 /* AppDelegate.m */ = {isa = PBXFileReference; lastKnownFileType = sourcecode.c.objc; path = AppDelegate.m; sourceTree = "<group>"; };
		39E54A621B46183300E7CD88 /* Base */ = {isa = PBXFileReference; lastKnownFileType = file.storyboard; name = Base; path = Base.lproj/Main.storyboard; sourceTree = "<group>"; };
		39E54A641B46183300E7CD88 /* Assets.xcassets */ = {isa = PBXFileReference; lastKnownFileType = folder.assetcatalog; path = Assets.xcassets; sourceTree = "<group>"; };
		39E54A671B46183300E7CD88 /* Base */ = {isa = PBXFileReference; lastKnownFileType = file.storyboard; name = Base; path = Base.lproj/LaunchScreen.storyboard; sourceTree = "<group>"; };
		39E54A691B46183300E7CD88 /* Info.plist */ = {isa = PBXFileReference; lastKnownFileType = text.plist.xml; path = Info.plist; sourceTree = "<group>"; };
		39E54A6E1B46183300E7CD88 /* FlickerCollectionViewControllerTests.xctest */ = {isa = PBXFileReference; explicitFileType = wrapper.cfbundle; includeInIndex = 0; path = FlickerCollectionViewControllerTests.xctest; sourceTree = BUILT_PRODUCTS_DIR; };
		39E54A721B46183300E7CD88 /* FlickerCollectionViewControllerTests.m */ = {isa = PBXFileReference; lastKnownFileType = sourcecode.c.objc; path = FlickerCollectionViewControllerTests.m; sourceTree = "<group>"; };
		39E54A741B46183300E7CD88 /* Info.plist */ = {isa = PBXFileReference; lastKnownFileType = text.plist.xml; path = Info.plist; sourceTree = "<group>"; };
		39E54A791B46183300E7CD88 /* FlickerCollectionViewControllerUITests.xctest */ = {isa = PBXFileReference; explicitFileType = wrapper.cfbundle; includeInIndex = 0; path = FlickerCollectionViewControllerUITests.xctest; sourceTree = BUILT_PRODUCTS_DIR; };
		39E54A7D1B46183300E7CD88 /* FlickerCollectionViewControllerUITests.m */ = {isa = PBXFileReference; lastKnownFileType = sourcecode.c.objc; path = FlickerCollectionViewControllerUITests.m; sourceTree = "<group>"; };
		39E54A7F1B46183300E7CD88 /* Info.plist */ = {isa = PBXFileReference; lastKnownFileType = text.plist.xml; path = Info.plist; sourceTree = "<group>"; };
		39E54A8B1B461AEC00E7CD88 /* FlickerPhotosViewControllerCollectionViewController.h */ = {isa = PBXFileReference; fileEncoding = 4; lastKnownFileType = sourcecode.c.h; path = FlickerPhotosViewControllerCollectionViewController.h; sourceTree = "<group>"; };
		39E54A8C1B461AEC00E7CD88 /* FlickerPhotosViewControllerCollectionViewController.m */ = {isa = PBXFileReference; fileEncoding = 4; lastKnownFileType = sourcecode.c.objc; path = FlickerPhotosViewControllerCollectionViewController.m; sourceTree = "<group>"; };
		5FFC09E0CABF06BFA56C33B3 /* Pods.release.xcconfig */ = {isa = PBXFileReference; includeInIndex = 1; lastKnownFileType = text.xcconfig; name = Pods.release.xcconfig; path = "Pods/Target Support Files/Pods/Pods.release.xcconfig"; sourceTree = "<group>"; };
		83EF37B093795DD2C538ACDF /* Pods.debug.xcconfig */ = {isa = PBXFileReference; includeInIndex = 1; lastKnownFileType = text.xcconfig; name = Pods.debug.xcconfig; path = "Pods/Target Support Files/Pods/Pods.debug.xcconfig"; sourceTree = "<group>"; };
		FB4711BD6AA084F1EAC44480 /* libPods.a */ = {isa = PBXFileReference; explicitFileType = archive.ar; includeInIndex = 0; path = libPods.a; sourceTree = BUILT_PRODUCTS_DIR; };
/* End PBXFileReference section */

/* Begin PBXFrameworksBuildPhase section */
		39E54A521B46183300E7CD88 /* Frameworks */ = {
			isa = PBXFrameworksBuildPhase;
			buildActionMask = 2147483647;
			files = (
				CAE3FE332663F295187F3B80 /* libPods.a in Frameworks */,
			);
			runOnlyForDeploymentPostprocessing = 0;
		};
		39E54A6B1B46183300E7CD88 /* Frameworks */ = {
			isa = PBXFrameworksBuildPhase;
			buildActionMask = 2147483647;
			files = (
			);
			runOnlyForDeploymentPostprocessing = 0;
		};
		39E54A761B46183300E7CD88 /* Frameworks */ = {
			isa = PBXFrameworksBuildPhase;
			buildActionMask = 2147483647;
			files = (
			);
			runOnlyForDeploymentPostprocessing = 0;
		};
/* End PBXFrameworksBuildPhase section */

/* Begin PBXGroup section */
		39E54A4C1B46183300E7CD88 = {
			isa = PBXGroup;
			children = (
				39E54A571B46183300E7CD88 /* FlickerCollectionViewController */,
				39E54A711B46183300E7CD88 /* FlickerCollectionViewControllerTests */,
				39E54A7C1B46183300E7CD88 /* FlickerCollectionViewControllerUITests */,
				39E54A561B46183300E7CD88 /* Products */,
				DB4677980C402B7D6F23D8DE /* Pods */,
				74A37746239BDC7CB0199DCB /* Frameworks */,
			);
			sourceTree = "<group>";
		};
		39E54A561B46183300E7CD88 /* Products */ = {
			isa = PBXGroup;
			children = (
				39E54A551B46183300E7CD88 /* FlickerCollectionViewController.app */,
				39E54A6E1B46183300E7CD88 /* FlickerCollectionViewControllerTests.xctest */,
				39E54A791B46183300E7CD88 /* FlickerCollectionViewControllerUITests.xctest */,
			);
			name = Products;
			sourceTree = "<group>";
		};
		39E54A571B46183300E7CD88 /* FlickerCollectionViewController */ = {
			isa = PBXGroup;
			children = (
				39E54A5B1B46183300E7CD88 /* AppDelegate.h */,
				39E54A5C1B46183300E7CD88 /* AppDelegate.m */,
				39E54A8B1B461AEC00E7CD88 /* FlickerPhotosViewControllerCollectionViewController.h */,
				39E54A8C1B461AEC00E7CD88 /* FlickerPhotosViewControllerCollectionViewController.m */,
				395102501B47287700A8A7D5 /* FlickerPhotoCell.h */,
				395102511B47287700A8A7D5 /* FlickerPhotoCell.m */,
				395102471B46CA6300A8A7D5 /* FlickerPhotosFetcher.h */,
				395102481B46CA6300A8A7D5 /* FlickerPhotosFetcher.m */,
				3951024A1B46E23800A8A7D5 /* FlickerPhoto.h */,
				3951024B1B46E23800A8A7D5 /* FlickerPhoto.m */,
				39E54A611B46183300E7CD88 /* Main.storyboard */,
				39E54A641B46183300E7CD88 /* Assets.xcassets */,
				39E54A661B46183300E7CD88 /* LaunchScreen.storyboard */,
				39E54A691B46183300E7CD88 /* Info.plist */,
				39E54A581B46183300E7CD88 /* Supporting Files */,
			);
			path = FlickerCollectionViewController;
			sourceTree = "<group>";
		};
		39E54A581B46183300E7CD88 /* Supporting Files */ = {
			isa = PBXGroup;
			children = (
				39E54A591B46183300E7CD88 /* main.m */,
			);
			name = "Supporting Files";
			sourceTree = "<group>";
		};
		39E54A711B46183300E7CD88 /* FlickerCollectionViewControllerTests */ = {
			isa = PBXGroup;
			children = (
				39E54A721B46183300E7CD88 /* FlickerCollectionViewControllerTests.m */,
				39E54A741B46183300E7CD88 /* Info.plist */,
			);
			path = FlickerCollectionViewControllerTests;
			sourceTree = "<group>";
		};
		39E54A7C1B46183300E7CD88 /* FlickerCollectionViewControllerUITests */ = {
			isa = PBXGroup;
			children = (
				39E54A7D1B46183300E7CD88 /* FlickerCollectionViewControllerUITests.m */,
				39E54A7F1B46183300E7CD88 /* Info.plist */,
			);
			path = FlickerCollectionViewControllerUITests;
			sourceTree = "<group>";
		};
		74A37746239BDC7CB0199DCB /* Frameworks */ = {
			isa = PBXGroup;
			children = (
				FB4711BD6AA084F1EAC44480 /* libPods.a */,
			);
			name = Frameworks;
			sourceTree = "<group>";
		};
		DB4677980C402B7D6F23D8DE /* Pods */ = {
			isa = PBXGroup;
			children = (
				83EF37B093795DD2C538ACDF /* Pods.debug.xcconfig */,
				5FFC09E0CABF06BFA56C33B3 /* Pods.release.xcconfig */,
			);
			name = Pods;
			sourceTree = "<group>";
		};
/* End PBXGroup section */

/* Begin PBXNativeTarget section */
		39E54A541B46183300E7CD88 /* FlickerCollectionViewController */ = {
			isa = PBXNativeTarget;
			buildConfigurationList = 39E54A821B46183300E7CD88 /* Build configuration list for PBXNativeTarget "FlickerCollectionViewController" */;
			buildPhases = (
				0477C875B8A69D226013EC98 /* Check Pods Manifest.lock */,
				39E54A511B46183300E7CD88 /* Sources */,
				39E54A521B46183300E7CD88 /* Frameworks */,
				39E54A531B46183300E7CD88 /* Resources */,
				C71C09D18199C1A254FF0918 /* Copy Pods Resources */,
			);
			buildRules = (
			);
			dependencies = (
			);
			name = FlickerCollectionViewController;
			productName = FlickerCollectionViewController;
			productReference = 39E54A551B46183300E7CD88 /* FlickerCollectionViewController.app */;
			productType = "com.apple.product-type.application";
		};
		39E54A6D1B46183300E7CD88 /* FlickerCollectionViewControllerTests */ = {
			isa = PBXNativeTarget;
			buildConfigurationList = 39E54A851B46183300E7CD88 /* Build configuration list for PBXNativeTarget "FlickerCollectionViewControllerTests" */;
			buildPhases = (
				39E54A6A1B46183300E7CD88 /* Sources */,
				39E54A6B1B46183300E7CD88 /* Frameworks */,
				39E54A6C1B46183300E7CD88 /* Resources */,
			);
			buildRules = (
			);
			dependencies = (
				39E54A701B46183300E7CD88 /* PBXTargetDependency */,
			);
			name = FlickerCollectionViewControllerTests;
			productName = FlickerCollectionViewControllerTests;
			productReference = 39E54A6E1B46183300E7CD88 /* FlickerCollectionViewControllerTests.xctest */;
			productType = "com.apple.product-type.bundle.unit-test";
		};
		39E54A781B46183300E7CD88 /* FlickerCollectionViewControllerUITests */ = {
			isa = PBXNativeTarget;
			buildConfigurationList = 39E54A881B46183300E7CD88 /* Build configuration list for PBXNativeTarget "FlickerCollectionViewControllerUITests" */;
			buildPhases = (
				39E54A751B46183300E7CD88 /* Sources */,
				39E54A761B46183300E7CD88 /* Frameworks */,
				39E54A771B46183300E7CD88 /* Resources */,
			);
			buildRules = (
			);
			dependencies = (
				39E54A7B1B46183300E7CD88 /* PBXTargetDependency */,
			);
			name = FlickerCollectionViewControllerUITests;
			productName = FlickerCollectionViewControllerUITests;
			productReference = 39E54A791B46183300E7CD88 /* FlickerCollectionViewControllerUITests.xctest */;
			productType = "com.apple.product-type.bundle.ui-testing";
		};
/* End PBXNativeTarget section */

/* Begin PBXProject section */
		39E54A4D1B46183300E7CD88 /* Project object */ = {
			isa = PBXProject;
			attributes = {
				LastUpgradeCheck = 0700;
				ORGANIZATIONNAME = "Abhishek Angne";
				TargetAttributes = {
					39E54A541B46183300E7CD88 = {
						CreatedOnToolsVersion = 7.0;
					};
					39E54A6D1B46183300E7CD88 = {
						CreatedOnToolsVersion = 7.0;
						TestTargetID = 39E54A541B46183300E7CD88;
					};
					39E54A781B46183300E7CD88 = {
						CreatedOnToolsVersion = 7.0;
						TestTargetID = 39E54A541B46183300E7CD88;
					};
				};
			};
			buildConfigurationList = 39E54A501B46183300E7CD88 /* Build configuration list for PBXProject "FlickerCollectionViewController" */;
			compatibilityVersion = "Xcode 3.2";
			developmentRegion = English;
			hasScannedForEncodings = 0;
			knownRegions = (
				en,
				Base,
			);
			mainGroup = 39E54A4C1B46183300E7CD88;
			productRefGroup = 39E54A561B46183300E7CD88 /* Products */;
			projectDirPath = "";
			projectRoot = "";
			targets = (
				39E54A541B46183300E7CD88 /* FlickerCollectionViewController */,
				39E54A6D1B46183300E7CD88 /* FlickerCollectionViewControllerTests */,
				39E54A781B46183300E7CD88 /* FlickerCollectionViewControllerUITests */,
			);
		};
/* End PBXProject section */

/* Begin PBXResourcesBuildPhase section */
		39E54A531B46183300E7CD88 /* Resources */ = {
			isa = PBXResourcesBuildPhase;
			buildActionMask = 2147483647;
			files = (
				39E54A681B46183300E7CD88 /* LaunchScreen.storyboard in Resources */,
				39E54A651B46183300E7CD88 /* Assets.xcassets in Resources */,
				39E54A631B46183300E7CD88 /* Main.storyboard in Resources */,
			);
			runOnlyForDeploymentPostprocessing = 0;
		};
		39E54A6C1B46183300E7CD88 /* Resources */ = {
			isa = PBXResourcesBuildPhase;
			buildActionMask = 2147483647;
			files = (
			);
			runOnlyForDeploymentPostprocessing = 0;
		};
		39E54A771B46183300E7CD88 /* Resources */ = {
			isa = PBXResourcesBuildPhase;
			buildActionMask = 2147483647;
			files = (
			);
			runOnlyForDeploymentPostprocessing = 0;
		};
/* End PBXResourcesBuildPhase section */

/* Begin PBXShellScriptBuildPhase section */
		0477C875B8A69D226013EC98 /* Check Pods Manifest.lock */ = {
			isa = PBXShellScriptBuildPhase;
			buildActionMask = 2147483647;
			files = (
			);
			inputPaths = (
			);
			name = "Check Pods Manifest.lock";
			outputPaths = (
			);
			runOnlyForDeploymentPostprocessing = 0;
			shellPath = /bin/sh;
			shellScript = "diff \"${PODS_ROOT}/../Podfile.lock\" \"${PODS_ROOT}/Manifest.lock\" > /dev/null\nif [[ $? != 0 ]] ; then\n    cat << EOM\nerror: The sandbox is not in sync with the Podfile.lock. Run 'pod install' or update your CocoaPods installation.\nEOM\n    exit 1\nfi\n";
			showEnvVarsInLog = 0;
		};
		C71C09D18199C1A254FF0918 /* Copy Pods Resources */ = {
			isa = PBXShellScriptBuildPhase;
			buildActionMask = 2147483647;
			files = (
			);
			inputPaths = (
			);
			name = "Copy Pods Resources";
			outputPaths = (
			);
			runOnlyForDeploymentPostprocessing = 0;
			shellPath = /bin/sh;
			shellScript = "\"${SRCROOT}/Pods/Target Support Files/Pods/Pods-resources.sh\"\n";
			showEnvVarsInLog = 0;
		};
/* End PBXShellScriptBuildPhase section */

/* Begin PBXSourcesBuildPhase section */
		39E54A511B46183300E7CD88 /* Sources */ = {
			isa = PBXSourcesBuildPhase;
			buildActionMask = 2147483647;
			files = (
				39E54A5D1B46183300E7CD88 /* AppDelegate.m in Sources */,
				39E54A8D1B461AEC00E7CD88 /* FlickerPhotosViewControllerCollectionViewController.m in Sources */,
				39E54A5A1B46183300E7CD88 /* main.m in Sources */,
				3951024C1B46E23800A8A7D5 /* FlickerPhoto.m in Sources */,
				395102491B46CA6300A8A7D5 /* FlickerPhotosFetcher.m in Sources */,
				395102521B47287700A8A7D5 /* FlickerPhotoCell.m in Sources */,
			);
			runOnlyForDeploymentPostprocessing = 0;
		};
		39E54A6A1B46183300E7CD88 /* Sources */ = {
			isa = PBXSourcesBuildPhase;
			buildActionMask = 2147483647;
			files = (
				39E54A731B46183300E7CD88 /* FlickerCollectionViewControllerTests.m in Sources */,
			);
			runOnlyForDeploymentPostprocessing = 0;
		};
		39E54A751B46183300E7CD88 /* Sources */ = {
			isa = PBXSourcesBuildPhase;
			buildActionMask = 2147483647;
			files = (
				39E54A7E1B46183300E7CD88 /* FlickerCollectionViewControllerUITests.m in Sources */,
			);
			runOnlyForDeploymentPostprocessing = 0;
		};
/* End PBXSourcesBuildPhase section */

/* Begin PBXTargetDependency section */
		39E54A701B46183300E7CD88 /* PBXTargetDependency */ = {
			isa = PBXTargetDependency;
			target = 39E54A541B46183300E7CD88 /* FlickerCollectionViewController */;
			targetProxy = 39E54A6F1B46183300E7CD88 /* PBXContainerItemProxy */;
		};
		39E54A7B1B46183300E7CD88 /* PBXTargetDependency */ = {
			isa = PBXTargetDependency;
			target = 39E54A541B46183300E7CD88 /* FlickerCollectionViewController */;
			targetProxy = 39E54A7A1B46183300E7CD88 /* PBXContainerItemProxy */;
		};
/* End PBXTargetDependency section */

/* Begin PBXVariantGroup section */
		39E54A611B46183300E7CD88 /* Main.storyboard */ = {
			isa = PBXVariantGroup;
			children = (
				39E54A621B46183300E7CD88 /* Base */,
			);
			name = Main.storyboard;
			sourceTree = "<group>";
		};
		39E54A661B46183300E7CD88 /* LaunchScreen.storyboard */ = {
			isa = PBXVariantGroup;
			children = (
				39E54A671B46183300E7CD88 /* Base */,
			);
			name = LaunchScreen.storyboard;
			sourceTree = "<group>";
		};
/* End PBXVariantGroup section */

/* Begin XCBuildConfiguration section */
		39E54A801B46183300E7CD88 /* Debug */ = {
			isa = XCBuildConfiguration;
			buildSettings = {
				ALWAYS_SEARCH_USER_PATHS = NO;
				CLANG_CXX_LANGUAGE_STANDARD = "gnu++0x";
				CLANG_CXX_LIBRARY = "libc++";
				CLANG_ENABLE_MODULES = YES;
				CLANG_ENABLE_OBJC_ARC = YES;
				CLANG_WARN_BOOL_CONVERSION = YES;
				CLANG_WARN_CONSTANT_CONVERSION = YES;
				CLANG_WARN_DIRECT_OBJC_ISA_USAGE = YES_ERROR;
				CLANG_WARN_EMPTY_BODY = YES;
				CLANG_WARN_ENUM_CONVERSION = YES;
				CLANG_WARN_INT_CONVERSION = YES;
				CLANG_WARN_OBJC_ROOT_CLASS = YES_ERROR;
				CLANG_WARN_UNREACHABLE_CODE = YES;
				CLANG_WARN__DUPLICATE_METHOD_MATCH = YES;
				"CODE_SIGN_IDENTITY[sdk=iphoneos*]" = "iPhone Developer";
				COPY_PHASE_STRIP = NO;
				DEBUG_INFORMATION_FORMAT = dwarf;
				ENABLE_STRICT_OBJC_MSGSEND = YES;
				ENABLE_TESTABILITY = YES;
				GCC_C_LANGUAGE_STANDARD = gnu99;
				GCC_DYNAMIC_NO_PIC = NO;
				GCC_NO_COMMON_BLOCKS = YES;
				GCC_OPTIMIZATION_LEVEL = 0;
				GCC_PREPROCESSOR_DEFINITIONS = (
					"DEBUG=1",
					"$(inherited)",
				);
				GCC_WARN_64_TO_32_BIT_CONVERSION = YES;
				GCC_WARN_ABOUT_RETURN_TYPE = YES_ERROR;
				GCC_WARN_UNDECLARED_SELECTOR = YES;
				GCC_WARN_UNINITIALIZED_AUTOS = YES_AGGRESSIVE;
				GCC_WARN_UNUSED_FUNCTION = YES;
				GCC_WARN_UNUSED_VARIABLE = YES;
				IPHONEOS_DEPLOYMENT_TARGET = 9.0;
				MTL_ENABLE_DEBUG_INFO = YES;
				ONLY_ACTIVE_ARCH = YES;
				SDKROOT = iphoneos;
				TARGETED_DEVICE_FAMILY = "1,2";
			};
			name = Debug;
		};
		39E54A811B46183300E7CD88 /* Release */ = {
			isa = XCBuildConfiguration;
			buildSettings = {
				ALWAYS_SEARCH_USER_PATHS = NO;
				CLANG_CXX_LANGUAGE_STANDARD = "gnu++0x";
				CLANG_CXX_LIBRARY = "libc++";
				CLANG_ENABLE_MODULES = YES;
				CLANG_ENABLE_OBJC_ARC = YES;
				CLANG_WARN_BOOL_CONVERSION = YES;
				CLANG_WARN_CONSTANT_CONVERSION = YES;
				CLANG_WARN_DIRECT_OBJC_ISA_USAGE = YES_ERROR;
				CLANG_WARN_EMPTY_BODY = YES;
				CLANG_WARN_ENUM_CONVERSION = YES;
				CLANG_WARN_INT_CONVERSION = YES;
				CLANG_WARN_OBJC_ROOT_CLASS = YES_ERROR;
				CLANG_WARN_UNREACHABLE_CODE = YES;
				CLANG_WARN__DUPLICATE_METHOD_MATCH = YES;
				"CODE_SIGN_IDENTITY[sdk=iphoneos*]" = "iPhone Developer";
				COPY_PHASE_STRIP = NO;
				DEBUG_INFORMATION_FORMAT = "dwarf-with-dsym";
				ENABLE_NS_ASSERTIONS = NO;
				ENABLE_STRICT_OBJC_MSGSEND = YES;
				GCC_C_LANGUAGE_STANDARD = gnu99;
				GCC_NO_COMMON_BLOCKS = YES;
				GCC_WARN_64_TO_32_BIT_CONVERSION = YES;
				GCC_WARN_ABOUT_RETURN_TYPE = YES_ERROR;
				GCC_WARN_UNDECLARED_SELECTOR = YES;
				GCC_WARN_UNINITIALIZED_AUTOS = YES_AGGRESSIVE;
				GCC_WARN_UNUSED_FUNCTION = YES;
				GCC_WARN_UNUSED_VARIABLE = YES;
				IPHONEOS_DEPLOYMENT_TARGET = 9.0;
				MTL_ENABLE_DEBUG_INFO = NO;
				SDKROOT = iphoneos;
				TARGETED_DEVICE_FAMILY = "1,2";
				VALIDATE_PRODUCT = YES;
			};
			name = Release;
		};
		39E54A831B46183300E7CD88 /* Debug */ = {
			isa = XCBuildConfiguration;
			baseConfigurationReference = 83EF37B093795DD2C538ACDF /* Pods.debug.xcconfig */;
			buildSettings = {
				ASSETCATALOG_COMPILER_APPICON_NAME = AppIcon;
				INFOPLIST_FILE = FlickerCollectionViewController/Info.plist;
				LD_RUNPATH_SEARCH_PATHS = "$(inherited) @executable_path/Frameworks";
				PRODUCT_BUNDLE_IDENTIFIER = com.abhishekangne.FlickerCollectionViewController;
				PRODUCT_NAME = "$(TARGET_NAME)";
			};
			name = Debug;
		};
		39E54A841B46183300E7CD88 /* Release */ = {
			isa = XCBuildConfiguration;
			baseConfigurationReference = 5FFC09E0CABF06BFA56C33B3 /* Pods.release.xcconfig */;
			buildSettings = {
				ASSETCATALOG_COMPILER_APPICON_NAME = AppIcon;
				INFOPLIST_FILE = FlickerCollectionViewController/Info.plist;
				LD_RUNPATH_SEARCH_PATHS = "$(inherited) @executable_path/Frameworks";
				PRODUCT_BUNDLE_IDENTIFIER = com.abhishekangne.FlickerCollectionViewController;
				PRODUCT_NAME = "$(TARGET_NAME)";
			};
			name = Release;
		};
		39E54A861B46183300E7CD88 /* Debug */ = {
			isa = XCBuildConfiguration;
			buildSettings = {
				BUNDLE_LOADER = "$(TEST_HOST)";
				INFOPLIST_FILE = FlickerCollectionViewControllerTests/Info.plist;
				LD_RUNPATH_SEARCH_PATHS = "$(inherited) @executable_path/Frameworks @loader_path/Frameworks";
				PRODUCT_BUNDLE_IDENTIFIER = com.abhishekangne.FlickerCollectionViewControllerTests;
				PRODUCT_NAME = "$(TARGET_NAME)";
				TEST_HOST = "$(BUILT_PRODUCTS_DIR)/FlickerCollectionViewController.app/FlickerCollectionViewController";
			};
			name = Debug;
		};
		39E54A871B46183300E7CD88 /* Release */ = {
			isa = XCBuildConfiguration;
			buildSettings = {
				BUNDLE_LOADER = "$(TEST_HOST)";
				INFOPLIST_FILE = FlickerCollectionViewControllerTests/Info.plist;
				LD_RUNPATH_SEARCH_PATHS = "$(inherited) @executable_path/Frameworks @loader_path/Frameworks";
				PRODUCT_BUNDLE_IDENTIFIER = com.abhishekangne.FlickerCollectionViewControllerTests;
				PRODUCT_NAME = "$(TARGET_NAME)";
				TEST_HOST = "$(BUILT_PRODUCTS_DIR)/FlickerCollectionViewController.app/FlickerCollectionViewController";
			};
			name = Release;
		};
		39E54A891B46183300E7CD88 /* Debug */ = {
			isa = XCBuildConfiguration;
			buildSettings = {
				INFOPLIST_FILE = FlickerCollectionViewControllerUITests/Info.plist;
				LD_RUNPATH_SEARCH_PATHS = "$(inherited) @executable_path/Frameworks @loader_path/Frameworks";
				PRODUCT_BUNDLE_IDENTIFIER = com.abhishekangne.FlickerCollectionViewControllerUITests;
				PRODUCT_NAME = "$(TARGET_NAME)";
				TEST_TARGET_NAME = FlickerCollectionViewController;
				USES_XCTRUNNER = YES;
			};
			name = Debug;
		};
		39E54A8A1B46183300E7CD88 /* Release */ = {
			isa = XCBuildConfiguration;
			buildSettings = {
				INFOPLIST_FILE = FlickerCollectionViewControllerUITests/Info.plist;
				LD_RUNPATH_SEARCH_PATHS = "$(inherited) @executable_path/Frameworks @loader_path/Frameworks";
				PRODUCT_BUNDLE_IDENTIFIER = com.abhishekangne.FlickerCollectionViewControllerUITests;
				PRODUCT_NAME = "$(TARGET_NAME)";
				TEST_TARGET_NAME = FlickerCollectionViewController;
				USES_XCTRUNNER = YES;
			};
			name = Release;
		};
/* End XCBuildConfiguration section */

/* Begin XCConfigurationList section */
		39E54A501B46183300E7CD88 /* Build configuration list for PBXProject "FlickerCollectionViewController" */ = {
			isa = XCConfigurationList;
			buildConfigurations = (
				39E54A801B46183300E7CD88 /* Debug */,
				39E54A811B46183300E7CD88 /* Release */,
			);
			defaultConfigurationIsVisible = 0;
			defaultConfigurationName = Release;
		};
		39E54A821B46183300E7CD88 /* Build configuration list for PBXNativeTarget "FlickerCollectionViewController" */ = {
			isa = XCConfigurationList;
			buildConfigurations = (
				39E54A831B46183300E7CD88 /* Debug */,
				39E54A841B46183300E7CD88 /* Release */,
			);
			defaultConfigurationIsVisible = 0;
			defaultConfigurationName = Release;
		};
		39E54A851B46183300E7CD88 /* Build configuration list for PBXNativeTarget "FlickerCollectionViewControllerTests" */ = {
			isa = XCConfigurationList;
			buildConfigurations = (
				39E54A861B46183300E7CD88 /* Debug */,
				39E54A871B46183300E7CD88 /* Release */,
			);
			defaultConfigurationIsVisible = 0;
			defaultConfigurationName = Release;
		};
		39E54A881B46183300E7CD88 /* Build configuration list for PBXNativeTarget "FlickerCollectionViewControllerUITests" */ = {
			isa = XCConfigurationList;
			buildConfigurations = (
				39E54A891B46183300E7CD88 /* Debug */,
				39E54A8A1B46183300E7CD88 /* Release */,
			);
			defaultConfigurationIsVisible = 0;
			defaultConfigurationName = Release;
		};
/* End XCConfigurationList section */
	};
	rootObject = 39E54A4D1B46183300E7CD88 /* Project object */;
}
